
Microsoft Visual Studio Solution File, Format Version 12.00
# Visual Studio 14
VisualStudioVersion = 14.0.25420.1
MinimumVisualStudioVersion = 10.0.40219.1
Project("{FAE04EC0-301F-11D3-BF4B-00C04F79EFBC}") = "ExampleRemotePowershell.Client", "ExampleRemotePowershell.Client\ExampleRemotePowershell.Client.csproj", "{C21B893D-3BB3-44A5-A006-1FA4841AE1B8}"
EndProject
Project("{FAE04EC0-301F-11D3-BF4B-00C04F79EFBC}") = "ExampleRemotePowershell.Server", "ExampleRemotePowershell.Server\ExampleRemotePowershell.Server.csproj", "{4414E912-B4FD-4A9B-9CA6-DDB474726B41}"
EndProject
Global
	GlobalSection(SolutionConfigurationPlatforms) = preSolution
		Debug|Any CPU = Debug|Any CPU
		Release|Any CPU = Release|Any CPU
	EndGlobalSection
	GlobalSection(ProjectConfigurationPlatforms) = postSolution
		{C21B893D-3BB3-44A5-A006-1FA4841AE1B8}.Debug|Any CPU.ActiveCfg = Debug|Any CPU
		{C21B893D-3BB3-44A5-A006-1FA4841AE1B8}.Debug|Any CPU.Build.0 = Debug|Any CPU
		{C21B893D-3BB3-44A5-A006-1FA4841AE1B8}.Release|Any CPU.ActiveCfg = Release|Any CPU
		{C21B893D-3BB3-44A5-A006-1FA4841AE1B8}.Release|Any CPU.Build.0 = Release|Any CPU
		{4414E912-B4FD-4A9B-9CA6-DDB474726B41}.Debug|Any CPU.ActiveCfg = Debug|Any CPU
		{4414E912-B4FD-4A9B-9CA6-DDB474726B41}.Debug|Any CPU.Build.0 = Debug|Any CPU
		{4414E912-B4FD-4A9B-9CA6-DDB474726B41}.Release|Any CPU.ActiveCfg = Release|Any CPU
		{4414E912-B4FD-4A9B-9CA6-DDB474726B41}.Release|Any CPU.Build.0 = Release|Any CPU
	EndGlobalSection
	GlobalSection(SolutionProperties) = preSolution
		HideSolutionNode = FALSE
	EndGlobalSection
EndGlobal
